{
  "name": "examplesinglesignon",
  "version": "1.0.0",
  "lockfileVersion": 1,
  "requires": true,
  "dependencies": {
    "bootstrap": {
      "version": "3.3.7",
      "resolved": "https://registry.npmjs.org/bootstrap/-/bootstrap-3.3.7.tgz",
      "integrity": "sha1-WjiTlFSfIzMIdaOxUGVldPip63E="
    },
    "jquery": {
      "version": "3.2.1",
      "resolved": "https://registry.npmjs.org/jquery/-/jquery-3.2.1.tgz",
      "integrity": "sha1-XE2d5lKvbNCncBVKYxu6ErAVx4c="
    },
    "jquery-validation": {
      "version": "1.17.0",
      "resolved": "https://registry.npmjs.org/jquery-validation/-/jquery-validation-1.17.0.tgz",
      "integrity": "sha512-XddiAwhGdWhcIJ+W3ri3KG8uTPMua4TPYuUIC8/E7lOyqdScG5xHuy9YishlKc0c/lIQai77EX7hxMdTSYCEjA==",
      "requires": {
        "jquery": "3.2.1"
      }
    },
    "jquery-validation-unobtrusive": {
      "version": "3.2.6",
      "resolved": "https://registry.npmjs.org/jquery-validation-unobtrusive/-/jquery-validation-unobtrusive-3.2.6.tgz",
      "integrity": "sha1-D4dnxUYuMLSldD0SRh6AV9p1cuU=",
      "requires": {
        "jquery": "3.2.1",
        "jquery-validation": "1.17.0"
      }
    }
  }
}
